
Microsoft Visual Studio Solution File, Format Version 12.00
# Visual Studio Version 17
VisualStudioVersion = 17.9.34728.123
MinimumVisualStudioVersion = 10.0.40219.1
Project("{FAE04EC0-301F-11D3-BF4B-00C04F79EFBC}") = "RoverOnMars", "RoverOnMars\RoverOnMars.csproj", "{FA0678CE-128C-4F45-9120-862E33F33FA3}"
EndProject
Global
	GlobalSection(SolutionConfigurationPlatforms) = preSolution
		Debug|Any CPU = Debug|Any CPU
		Release|Any CPU = Release|Any CPU
	EndGlobalSection
	GlobalSection(ProjectConfigurationPlatforms) = postSolution
		{FA0678CE-128C-4F45-9120-862E33F33FA3}.Debug|Any CPU.ActiveCfg = Debug|Any CPU
		{FA0678CE-128C-4F45-9120-862E33F33FA3}.Debug|Any CPU.Build.0 = Debug|Any CPU
		{FA0678CE-128C-4F45-9120-862E33F33FA3}.Release|Any CPU.ActiveCfg = Release|Any CPU
		{FA0678CE-128C-4F45-9120-862E33F33FA3}.Release|Any CPU.Build.0 = Release|Any CPU
	EndGlobalSection
	GlobalSection(SolutionProperties) = preSolution
		HideSolutionNode = FALSE
	EndGlobalSection
	GlobalSection(ExtensibilityGlobals) = postSolution
		SolutionGuid = {61DDF492-B733-4393-A833-86D08BF2C7E3}
	EndGlobalSection
EndGlobal
